
Microsoft Visual Studio Solution File, Format Version 12.00
# Visual Studio 15
VisualStudioVersion = 15.0.27004.2005
MinimumVisualStudioVersion = 10.0.40219.1
Project("{FAE04EC0-301F-11D3-BF4B-00C04F79EFBC}") = "MinItemArray", "MinItemArray\MinItemArray.csproj", "{4BD4CD23-8903-4BAC-98B7-556527D02790}"
EndProject
Global
	GlobalSection(SolutionConfigurationPlatforms) = preSolution
		Debug|Any CPU = Debug|Any CPU
		Release|Any CPU = Release|Any CPU
	EndGlobalSection
	GlobalSection(ProjectConfigurationPlatforms) = postSolution
		{4BD4CD23-8903-4BAC-98B7-556527D02790}.Debug|Any CPU.ActiveCfg = Debug|Any CPU
		{4BD4CD23-8903-4BAC-98B7-556527D02790}.Debug|Any CPU.Build.0 = Debug|Any CPU
		{4BD4CD23-8903-4BAC-98B7-556527D02790}.Release|Any CPU.ActiveCfg = Release|Any CPU
		{4BD4CD23-8903-4BAC-98B7-556527D02790}.Release|Any CPU.Build.0 = Release|Any CPU
	EndGlobalSection
	GlobalSection(SolutionProperties) = preSolution
		HideSolutionNode = FALSE
	EndGlobalSection
	GlobalSection(ExtensibilityGlobals) = postSolution
		SolutionGuid = {AC9F4C68-AB6B-4EE5-AC7B-E5FE4B73BD67}
	EndGlobalSection
EndGlobal
